
Microsoft Visual Studio Solution File, Format Version 12.00
# Visual Studio Version 17
VisualStudioVersion = 17.1.32407.343
MinimumVisualStudioVersion = 10.0.40219.1
Project("{9A19103F-16F7-4668-BE54-9A1E7A4F7556}") = "Walletino", "Walletino\Walletino.csproj", "{59804226-3114-45E8-9658-3AC690266856}"
EndProject
Project("{9A19103F-16F7-4668-BE54-9A1E7A4F7556}") = "Walletino.Domain", "Walletino.Domain\Walletino.Domain.csproj", "{809D5340-4520-4891-8085-8127E7D3BC63}"
EndProject
Project("{9A19103F-16F7-4668-BE54-9A1E7A4F7556}") = "Walletino.Services", "Walletino.Services\Walletino.Services.csproj", "{E1938BB3-8736-45E1-87C6-C0A92BCC62CC}"
EndProject
Project("{9A19103F-16F7-4668-BE54-9A1E7A4F7556}") = "Walletino.DataAccess", "Walletino.DataAccess\Walletino.DataAccess.csproj", "{795EE4B1-E2B3-40F8-B128-4020C96ED6D9}"
EndProject
Project("{9A19103F-16F7-4668-BE54-9A1E7A4F7556}") = "Walletino.UnitTest", "Walletino.UnitTest\Walletino.UnitTest.csproj", "{9608AB94-4701-43AB-8A2C-0A4A76F6E4BF}"
EndProject
Project("{9A19103F-16F7-4668-BE54-9A1E7A4F7556}") = "Walletino.Core", "Walletino.Core\Walletino.Core.csproj", "{DB4FEDEE-F464-4B21-A27F-45F99DADC433}"
EndProject
Project("{9A19103F-16F7-4668-BE54-9A1E7A4F7556}") = "Walletino.Web", "Walletino.Web\Walletino.Web.csproj", "{63ACCFD3-5E10-4D9E-AD15-34361516A3A1}"
EndProject
Global
	GlobalSection(SolutionConfigurationPlatforms) = preSolution
		Debug|Any CPU = Debug|Any CPU
		Release|Any CPU = Release|Any CPU
	EndGlobalSection
	GlobalSection(ProjectConfigurationPlatforms) = postSolution
		{59804226-3114-45E8-9658-3AC690266856}.Debug|Any CPU.ActiveCfg = Debug|Any CPU
		{59804226-3114-45E8-9658-3AC690266856}.Debug|Any CPU.Build.0 = Debug|Any CPU
		{59804226-3114-45E8-9658-3AC690266856}.Release|Any CPU.ActiveCfg = Release|Any CPU
		{59804226-3114-45E8-9658-3AC690266856}.Release|Any CPU.Build.0 = Release|Any CPU
		{809D5340-4520-4891-8085-8127E7D3BC63}.Debug|Any CPU.ActiveCfg = Debug|Any CPU
		{809D5340-4520-4891-8085-8127E7D3BC63}.Debug|Any CPU.Build.0 = Debug|Any CPU
		{809D5340-4520-4891-8085-8127E7D3BC63}.Release|Any CPU.ActiveCfg = Release|Any CPU
		{809D5340-4520-4891-8085-8127E7D3BC63}.Release|Any CPU.Build.0 = Release|Any CPU
		{E1938BB3-8736-45E1-87C6-C0A92BCC62CC}.Debug|Any CPU.ActiveCfg = Debug|Any CPU
		{E1938BB3-8736-45E1-87C6-C0A92BCC62CC}.Debug|Any CPU.Build.0 = Debug|Any CPU
		{E1938BB3-8736-45E1-87C6-C0A92BCC62CC}.Release|Any CPU.ActiveCfg = Release|Any CPU
		{E1938BB3-8736-45E1-87C6-C0A92BCC62CC}.Release|Any CPU.Build.0 = Release|Any CPU
		{795EE4B1-E2B3-40F8-B128-4020C96ED6D9}.Debug|Any CPU.ActiveCfg = Debug|Any CPU
		{795EE4B1-E2B3-40F8-B128-4020C96ED6D9}.Debug|Any CPU.Build.0 = Debug|Any CPU
		{795EE4B1-E2B3-40F8-B128-4020C96ED6D9}.Release|Any CPU.ActiveCfg = Release|Any CPU
		{795EE4B1-E2B3-40F8-B128-4020C96ED6D9}.Release|Any CPU.Build.0 = Release|Any CPU
		{9608AB94-4701-43AB-8A2C-0A4A76F6E4BF}.Debug|Any CPU.ActiveCfg = Debug|Any CPU
		{9608AB94-4701-43AB-8A2C-0A4A76F6E4BF}.Debug|Any CPU.Build.0 = Debug|Any CPU
		{9608AB94-4701-43AB-8A2C-0A4A76F6E4BF}.Release|Any CPU.ActiveCfg = Release|Any CPU
		{9608AB94-4701-43AB-8A2C-0A4A76F6E4BF}.Release|Any CPU.Build.0 = Release|Any CPU
		{DB4FEDEE-F464-4B21-A27F-45F99DADC433}.Debug|Any CPU.ActiveCfg = Debug|Any CPU
		{DB4FEDEE-F464-4B21-A27F-45F99DADC433}.Debug|Any CPU.Build.0 = Debug|Any CPU
		{DB4FEDEE-F464-4B21-A27F-45F99DADC433}.Release|Any CPU.ActiveCfg = Release|Any CPU
		{DB4FEDEE-F464-4B21-A27F-45F99DADC433}.Release|Any CPU.Build.0 = Release|Any CPU
		{63ACCFD3-5E10-4D9E-AD15-34361516A3A1}.Debug|Any CPU.ActiveCfg = Debug|Any CPU
		{63ACCFD3-5E10-4D9E-AD15-34361516A3A1}.Debug|Any CPU.Build.0 = Debug|Any CPU
		{63ACCFD3-5E10-4D9E-AD15-34361516A3A1}.Release|Any CPU.ActiveCfg = Release|Any CPU
		{63ACCFD3-5E10-4D9E-AD15-34361516A3A1}.Release|Any CPU.Build.0 = Release|Any CPU
	EndGlobalSection
	GlobalSection(SolutionProperties) = preSolution
		HideSolutionNode = FALSE
	EndGlobalSection
	GlobalSection(ExtensibilityGlobals) = postSolution
		SolutionGuid = {9AB9BD77-F2BA-46BD-8A42-99F2CA86E07C}
	EndGlobalSection
EndGlobal
